
Microsoft Visual Studio Solution File, Format Version 12.00
# Visual Studio Version 16
VisualStudioVersion = 16.0.31105.61
MinimumVisualStudioVersion = 10.0.40219.1
Project("{00D1A9C2-B5F0-4AF3-8072-F6C62B433612}") = "Database1", "Database1.sqlproj", "{333C6946-5E2A-4EDB-8AFA-424634C36DB9}"
EndProject
Global
	GlobalSection(SolutionConfigurationPlatforms) = preSolution
		Debug|Any CPU = Debug|Any CPU
		Release|Any CPU = Release|Any CPU
	EndGlobalSection
	GlobalSection(ProjectConfigurationPlatforms) = postSolution
		{333C6946-5E2A-4EDB-8AFA-424634C36DB9}.Debug|Any CPU.ActiveCfg = Debug|Any CPU
		{333C6946-5E2A-4EDB-8AFA-424634C36DB9}.Debug|Any CPU.Build.0 = Debug|Any CPU
		{333C6946-5E2A-4EDB-8AFA-424634C36DB9}.Debug|Any CPU.Deploy.0 = Debug|Any CPU
		{333C6946-5E2A-4EDB-8AFA-424634C36DB9}.Release|Any CPU.ActiveCfg = Release|Any CPU
		{333C6946-5E2A-4EDB-8AFA-424634C36DB9}.Release|Any CPU.Build.0 = Release|Any CPU
		{333C6946-5E2A-4EDB-8AFA-424634C36DB9}.Release|Any CPU.Deploy.0 = Release|Any CPU
	EndGlobalSection
	GlobalSection(SolutionProperties) = preSolution
		HideSolutionNode = FALSE
	EndGlobalSection
	GlobalSection(ExtensibilityGlobals) = postSolution
		SolutionGuid = {14E2D666-171B-4E2D-8AD9-BE541053C32E}
	EndGlobalSection
EndGlobal
